
Microsoft Visual Studio Solution File, Format Version 12.00
# Visual Studio Version 16
VisualStudioVersion = 16.0.35425.106
MinimumVisualStudioVersion = 10.0.40219.1
Project("{8BC9CEB8-8B4A-11D0-8D11-00A0C91BC942}") = "00 对象调用的背后", "00 对象调用的背后\00 对象调用的背后.vcxproj", "{DB191B25-A675-4F8D-B5A3-D94F0FEF0806}"
EndProject
Project("{8BC9CEB8-8B4A-11D0-8D11-00A0C91BC942}") = "01 函数调用的背后", "01 函数调用的背后\01 函数调用的背后.vcxproj", "{DDA2E160-5D87-4991-8112-6BF4C59A2333}"
EndProject
Project("{8BC9CEB8-8B4A-11D0-8D11-00A0C91BC942}") = "02 CMyString的优化", "02 CMyString的优化\02 CMyString的优化.vcxproj", "{B97DB6AD-5A4C-43BE-8680-DEF010C4406B}"
EndProject
Project("{8BC9CEB8-8B4A-11D0-8D11-00A0C91BC942}") = "03 move和forward", "03 move和forward\03 move和forward.vcxproj", "{4929ACA6-DBE5-4D1D-901B-24EC23DFA909}"
EndProject
Project("{8BC9CEB8-8B4A-11D0-8D11-00A0C91BC942}") = "-1 测试项目", "-1 测试项目\-1 测试项目.vcxproj", "{81194735-5E5A-4875-BE41-BF911A8AEDCF}"
EndProject
Project("{8BC9CEB8-8B4A-11D0-8D11-00A0C91BC942}") = "04 智能指针的实现", "04 智能指针的实现\04 智能指针的实现.vcxproj", "{AC0FB0D7-0C51-470C-B1AE-15D80C5335B9}"
EndProject
Project("{8BC9CEB8-8B4A-11D0-8D11-00A0C91BC942}") = "05 shared_ptr和weak_ptr", "05 shared_ptr和weak_ptr\05 shared_ptr和weak_ptr.vcxproj", "{20C95510-6219-462F-B45C-ABD579896E31}"
EndProject
Project("{8BC9CEB8-8B4A-11D0-8D11-00A0C91BC942}") = "06 多线程访问共享对象的线程安全问题", "06 多线程访问共享对象的线程安全问题\06 多线程访问共享对象的线程安全问题.vcxproj", "{7A145C00-328B-4A8E-83CF-ABE34D47FD99}"
EndProject
Project("{8BC9CEB8-8B4A-11D0-8D11-00A0C91BC942}") = "07 make_shared", "07 make_shared\07 make_shared.vcxproj", "{A4EDEB63-E33F-4D92-866F-38F780F726C2}"
EndProject
Project("{8BC9CEB8-8B4A-11D0-8D11-00A0C91BC942}") = "08 智能指针的删除器", "08 智能指针的删除器\08 智能指针的删除器.vcxproj", "{531C4A62-DB21-42D8-A38B-F4FD5EEAAE64}"
EndProject
Project("{8BC9CEB8-8B4A-11D0-8D11-00A0C91BC942}") = "09 绑定器", "09 绑定器\09 绑定器.vcxproj", "{2BBA21BF-F6EF-49CF-B97C-D81122FE4A64}"
EndProject
Project("{8BC9CEB8-8B4A-11D0-8D11-00A0C91BC942}") = "11 lambda表达式", "11 lambda表达式\11 lambda表达式.vcxproj", "{669262C9-E6D1-4CC1-8634-3B54CD6D578F}"
EndProject
Project("{8BC9CEB8-8B4A-11D0-8D11-00A0C91BC942}") = "12 模板的完全特例化和部分特例化", "12 模板的完全特例化和部分特例化\12 模板的完全特例化和部分特例化.vcxproj", "{4759C923-BB24-45FE-BEB8-E20B898108E2}"
EndProject
Project("{8BC9CEB8-8B4A-11D0-8D11-00A0C91BC942}") = "13 模板的实参推演", "13 模板的实参推演\13 模板的实参推演.vcxproj", "{8C16F8E9-3BF5-423F-AF71-DA890F1B6943}"
EndProject
Project("{8BC9CEB8-8B4A-11D0-8D11-00A0C91BC942}") = "10 function", "10 function\10 function.vcxproj", "{A6363B92-ED30-438F-BC6E-217149313C6F}"
EndProject
Project("{8BC9CEB8-8B4A-11D0-8D11-00A0C91BC942}") = "14 c++11 bind", "14 c++11 bind\14 c++11 bind.vcxproj", "{91E2EC90-0C2E-4635-924A-53099F6ADE0B}"
EndProject
Project("{8BC9CEB8-8B4A-11D0-8D11-00A0C91BC942}") = "15 bind和function实现线程池", "15 bind和function实现线程池\15 bind和function实现线程池.vcxproj", "{E7078D0A-9497-47D8-ACF0-3B19D40A6F23}"
EndProject
Project("{8BC9CEB8-8B4A-11D0-8D11-00A0C91BC942}") = "16 语言级别的多线程编程", "16 语言级别的多线程编程\16 语言级别的多线程编程.vcxproj", "{89C9F3B9-401D-42BD-B954-6517D0536ED9}"
EndProject
Project("{8BC9CEB8-8B4A-11D0-8D11-00A0C91BC942}") = "17 线程间的互斥和互斥锁", "17 线程间的互斥和互斥锁\17 线程间的互斥和互斥锁.vcxproj", "{F0629E9A-5279-4CD8-A944-2B4700651D7F}"
EndProject
Project("{8BC9CEB8-8B4A-11D0-8D11-00A0C91BC942}") = "18 同步通信机制", "18 同步通信机制\18 同步通信机制.vcxproj", "{21C79256-463C-429A-A567-1FD1E66C8E49}"
EndProject
Project("{8BC9CEB8-8B4A-11D0-8D11-00A0C91BC942}") = "19 atomic原子类型", "19 atomic原子类型\19 atomic原子类型.vcxproj", "{3A37247D-765D-4410-8DAF-C02118217D84}"
EndProject
Project("{8BC9CEB8-8B4A-11D0-8D11-00A0C91BC942}") = "20 c++11总结", "20 c++11总结\20 c++11总结.vcxproj", "{3CB8866A-7168-4FAF-990B-068436A0F204}"
EndProject
Project("{8BC9CEB8-8B4A-11D0-8D11-00A0C91BC942}") = "21 容器emplace方法", "21 容器emplace方法\21 容器emplace方法.vcxproj", "{AEF4728A-EF15-424D-A2FF-C2BFBD5B9D0B}"
EndProject
Project("{8BC9CEB8-8B4A-11D0-8D11-00A0C91BC942}") = "23 设计模式——简单工厂和工厂方法", "23 设计模式——简单工厂和工厂方法\23 设计模式——简单工厂和工厂方法.vcxproj", "{73FC43E2-9F31-4CB3-99D9-CF9F864F7D43}"
EndProject
Project("{8BC9CEB8-8B4A-11D0-8D11-00A0C91BC942}") = "24 设计模式——单例模式", "24 设计模式——单例模式\24 设计模式——单例模式.vcxproj", "{17BB2C9D-B538-4AA0-A151-C2FD492C0F09}"
EndProject
Project("{8BC9CEB8-8B4A-11D0-8D11-00A0C91BC942}") = "25 设计模式——代理模式", "25 设计模式——代理模式\25 设计模式——代理模式.vcxproj", "{2948B100-957B-44F6-926F-29FB4A7B7F54}"
EndProject
Project("{8BC9CEB8-8B4A-11D0-8D11-00A0C91BC942}") = "26 代理模式——装饰器模式", "26 代理模式——装饰器模式\26 代理模式——装饰器模式.vcxproj", "{A3022F14-C95E-44A6-BB30-9952B40A1A88}"
EndProject
Project("{8BC9CEB8-8B4A-11D0-8D11-00A0C91BC942}") = "27 设计模式——抽象工厂", "27 设计模式——抽象工厂\27 设计模式——抽象工厂.vcxproj", "{37E28520-0281-4C7F-BCE0-51293B9D6D4D}"
EndProject
Project("{8BC9CEB8-8B4A-11D0-8D11-00A0C91BC942}") = "22 设计模式", "22 设计模式\22 设计模式.vcxproj", "{9ED36547-2AE3-46B4-A783-72DFD5527DA9}"
EndProject
Global
	GlobalSection(SolutionConfigurationPlatforms) = preSolution
		Debug|x64 = Debug|x64
		Debug|x86 = Debug|x86
		Release|x64 = Release|x64
		Release|x86 = Release|x86
	EndGlobalSection
	GlobalSection(ProjectConfigurationPlatforms) = postSolution
		{DB191B25-A675-4F8D-B5A3-D94F0FEF0806}.Debug|x64.ActiveCfg = Debug|x64
		{DB191B25-A675-4F8D-B5A3-D94F0FEF0806}.Debug|x64.Build.0 = Debug|x64
		{DB191B25-A675-4F8D-B5A3-D94F0FEF0806}.Debug|x86.ActiveCfg = Debug|Win32
		{DB191B25-A675-4F8D-B5A3-D94F0FEF0806}.Debug|x86.Build.0 = Debug|Win32
		{DB191B25-A675-4F8D-B5A3-D94F0FEF0806}.Release|x64.ActiveCfg = Release|x64
		{DB191B25-A675-4F8D-B5A3-D94F0FEF0806}.Release|x64.Build.0 = Release|x64
		{DB191B25-A675-4F8D-B5A3-D94F0FEF0806}.Release|x86.ActiveCfg = Release|Win32
		{DB191B25-A675-4F8D-B5A3-D94F0FEF0806}.Release|x86.Build.0 = Release|Win32
		{DDA2E160-5D87-4991-8112-6BF4C59A2333}.Debug|x64.ActiveCfg = Debug|x64
		{DDA2E160-5D87-4991-8112-6BF4C59A2333}.Debug|x64.Build.0 = Debug|x64
		{DDA2E160-5D87-4991-8112-6BF4C59A2333}.Debug|x86.ActiveCfg = Debug|Win32
		{DDA2E160-5D87-4991-8112-6BF4C59A2333}.Debug|x86.Build.0 = Debug|Win32
		{DDA2E160-5D87-4991-8112-6BF4C59A2333}.Release|x64.ActiveCfg = Release|x64
		{DDA2E160-5D87-4991-8112-6BF4C59A2333}.Release|x64.Build.0 = Release|x64
		{DDA2E160-5D87-4991-8112-6BF4C59A2333}.Release|x86.ActiveCfg = Release|Win32
		{DDA2E160-5D87-4991-8112-6BF4C59A2333}.Release|x86.Build.0 = Release|Win32
		{B97DB6AD-5A4C-43BE-8680-DEF010C4406B}.Debug|x64.ActiveCfg = Debug|x64
		{B97DB6AD-5A4C-43BE-8680-DEF010C4406B}.Debug|x64.Build.0 = Debug|x64
		{B97DB6AD-5A4C-43BE-8680-DEF010C4406B}.Debug|x86.ActiveCfg = Debug|Win32
		{B97DB6AD-5A4C-43BE-8680-DEF010C4406B}.Debug|x86.Build.0 = Debug|Win32
		{B97DB6AD-5A4C-43BE-8680-DEF010C4406B}.Release|x64.ActiveCfg = Release|x64
		{B97DB6AD-5A4C-43BE-8680-DEF010C4406B}.Release|x64.Build.0 = Release|x64
		{B97DB6AD-5A4C-43BE-8680-DEF010C4406B}.Release|x86.ActiveCfg = Release|Win32
		{B97DB6AD-5A4C-43BE-8680-DEF010C4406B}.Release|x86.Build.0 = Release|Win32
		{4929ACA6-DBE5-4D1D-901B-24EC23DFA909}.Debug|x64.ActiveCfg = Debug|x64
		{4929ACA6-DBE5-4D1D-901B-24EC23DFA909}.Debug|x64.Build.0 = Debug|x64
		{4929ACA6-DBE5-4D1D-901B-24EC23DFA909}.Debug|x86.ActiveCfg = Debug|Win32
		{4929ACA6-DBE5-4D1D-901B-24EC23DFA909}.Debug|x86.Build.0 = Debug|Win32
		{4929ACA6-DBE5-4D1D-901B-24EC23DFA909}.Release|x64.ActiveCfg = Release|x64
		{4929ACA6-DBE5-4D1D-901B-24EC23DFA909}.Release|x64.Build.0 = Release|x64
		{4929ACA6-DBE5-4D1D-901B-24EC23DFA909}.Release|x86.ActiveCfg = Release|Win32
		{4929ACA6-DBE5-4D1D-901B-24EC23DFA909}.Release|x86.Build.0 = Release|Win32
		{81194735-5E5A-4875-BE41-BF911A8AEDCF}.Debug|x64.ActiveCfg = Debug|x64
		{81194735-5E5A-4875-BE41-BF911A8AEDCF}.Debug|x64.Build.0 = Debug|x64
		{81194735-5E5A-4875-BE41-BF911A8AEDCF}.Debug|x86.ActiveCfg = Debug|Win32
		{81194735-5E5A-4875-BE41-BF911A8AEDCF}.Debug|x86.Build.0 = Debug|Win32
		{81194735-5E5A-4875-BE41-BF911A8AEDCF}.Release|x64.ActiveCfg = Release|x64
		{81194735-5E5A-4875-BE41-BF911A8AEDCF}.Release|x64.Build.0 = Release|x64
		{81194735-5E5A-4875-BE41-BF911A8AEDCF}.Release|x86.ActiveCfg = Release|Win32
		{81194735-5E5A-4875-BE41-BF911A8AEDCF}.Release|x86.Build.0 = Release|Win32
		{AC0FB0D7-0C51-470C-B1AE-15D80C5335B9}.Debug|x64.ActiveCfg = Debug|x64
		{AC0FB0D7-0C51-470C-B1AE-15D80C5335B9}.Debug|x64.Build.0 = Debug|x64
		{AC0FB0D7-0C51-470C-B1AE-15D80C5335B9}.Debug|x86.ActiveCfg = Debug|Win32
		{AC0FB0D7-0C51-470C-B1AE-15D80C5335B9}.Debug|x86.Build.0 = Debug|Win32
		{AC0FB0D7-0C51-470C-B1AE-15D80C5335B9}.Release|x64.ActiveCfg = Release|x64
		{AC0FB0D7-0C51-470C-B1AE-15D80C5335B9}.Release|x64.Build.0 = Release|x64
		{AC0FB0D7-0C51-470C-B1AE-15D80C5335B9}.Release|x86.ActiveCfg = Release|Win32
		{AC0FB0D7-0C51-470C-B1AE-15D80C5335B9}.Release|x86.Build.0 = Release|Win32
		{20C95510-6219-462F-B45C-ABD579896E31}.Debug|x64.ActiveCfg = Debug|x64
		{20C95510-6219-462F-B45C-ABD579896E31}.Debug|x64.Build.0 = Debug|x64
		{20C95510-6219-462F-B45C-ABD579896E31}.Debug|x86.ActiveCfg = Debug|Win32
		{20C95510-6219-462F-B45C-ABD579896E31}.Debug|x86.Build.0 = Debug|Win32
		{20C95510-6219-462F-B45C-ABD579896E31}.Release|x64.ActiveCfg = Release|x64
		{20C95510-6219-462F-B45C-ABD579896E31}.Release|x64.Build.0 = Release|x64
		{20C95510-6219-462F-B45C-ABD579896E31}.Release|x86.ActiveCfg = Release|Win32
		{20C95510-6219-462F-B45C-ABD579896E31}.Release|x86.Build.0 = Release|Win32
		{7A145C00-328B-4A8E-83CF-ABE34D47FD99}.Debug|x64.ActiveCfg = Debug|x64
		{7A145C00-328B-4A8E-83CF-ABE34D47FD99}.Debug|x64.Build.0 = Debug|x64
		{7A145C00-328B-4A8E-83CF-ABE34D47FD99}.Debug|x86.ActiveCfg = Debug|Win32
		{7A145C00-328B-4A8E-83CF-ABE34D47FD99}.Debug|x86.Build.0 = Debug|Win32
		{7A145C00-328B-4A8E-83CF-ABE34D47FD99}.Release|x64.ActiveCfg = Release|x64
		{7A145C00-328B-4A8E-83CF-ABE34D47FD99}.Release|x64.Build.0 = Release|x64
		{7A145C00-328B-4A8E-83CF-ABE34D47FD99}.Release|x86.ActiveCfg = Release|Win32
		{7A145C00-328B-4A8E-83CF-ABE34D47FD99}.Release|x86.Build.0 = Release|Win32
		{A4EDEB63-E33F-4D92-866F-38F780F726C2}.Debug|x64.ActiveCfg = Debug|x64
		{A4EDEB63-E33F-4D92-866F-38F780F726C2}.Debug|x64.Build.0 = Debug|x64
		{A4EDEB63-E33F-4D92-866F-38F780F726C2}.Debug|x86.ActiveCfg = Debug|Win32
		{A4EDEB63-E33F-4D92-866F-38F780F726C2}.Debug|x86.Build.0 = Debug|Win32
		{A4EDEB63-E33F-4D92-866F-38F780F726C2}.Release|x64.ActiveCfg = Release|x64
		{A4EDEB63-E33F-4D92-866F-38F780F726C2}.Release|x64.Build.0 = Release|x64
		{A4EDEB63-E33F-4D92-866F-38F780F726C2}.Release|x86.ActiveCfg = Release|Win32
		{A4EDEB63-E33F-4D92-866F-38F780F726C2}.Release|x86.Build.0 = Release|Win32
		{531C4A62-DB21-42D8-A38B-F4FD5EEAAE64}.Debug|x64.ActiveCfg = Debug|x64
		{531C4A62-DB21-42D8-A38B-F4FD5EEAAE64}.Debug|x64.Build.0 = Debug|x64
		{531C4A62-DB21-42D8-A38B-F4FD5EEAAE64}.Debug|x86.ActiveCfg = Debug|Win32
		{531C4A62-DB21-42D8-A38B-F4FD5EEAAE64}.Debug|x86.Build.0 = Debug|Win32
		{531C4A62-DB21-42D8-A38B-F4FD5EEAAE64}.Release|x64.ActiveCfg = Release|x64
		{531C4A62-DB21-42D8-A38B-F4FD5EEAAE64}.Release|x64.Build.0 = Release|x64
		{531C4A62-DB21-42D8-A38B-F4FD5EEAAE64}.Release|x86.ActiveCfg = Release|Win32
		{531C4A62-DB21-42D8-A38B-F4FD5EEAAE64}.Release|x86.Build.0 = Release|Win32
		{2BBA21BF-F6EF-49CF-B97C-D81122FE4A64}.Debug|x64.ActiveCfg = Debug|x64
		{2BBA21BF-F6EF-49CF-B97C-D81122FE4A64}.Debug|x64.Build.0 = Debug|x64
		{2BBA21BF-F6EF-49CF-B97C-D81122FE4A64}.Debug|x86.ActiveCfg = Debug|Win32
		{2BBA21BF-F6EF-49CF-B97C-D81122FE4A64}.Debug|x86.Build.0 = Debug|Win32
		{2BBA21BF-F6EF-49CF-B97C-D81122FE4A64}.Release|x64.ActiveCfg = Release|x64
		{2BBA21BF-F6EF-49CF-B97C-D81122FE4A64}.Release|x64.Build.0 = Release|x64
		{2BBA21BF-F6EF-49CF-B97C-D81122FE4A64}.Release|x86.ActiveCfg = Release|Win32
		{2BBA21BF-F6EF-49CF-B97C-D81122FE4A64}.Release|x86.Build.0 = Release|Win32
		{669262C9-E6D1-4CC1-8634-3B54CD6D578F}.Debug|x64.ActiveCfg = Debug|x64
		{669262C9-E6D1-4CC1-8634-3B54CD6D578F}.Debug|x64.Build.0 = Debug|x64
		{669262C9-E6D1-4CC1-8634-3B54CD6D578F}.Debug|x86.ActiveCfg = Debug|Win32
		{669262C9-E6D1-4CC1-8634-3B54CD6D578F}.Debug|x86.Build.0 = Debug|Win32
		{669262C9-E6D1-4CC1-8634-3B54CD6D578F}.Release|x64.ActiveCfg = Release|x64
		{669262C9-E6D1-4CC1-8634-3B54CD6D578F}.Release|x64.Build.0 = Release|x64
		{669262C9-E6D1-4CC1-8634-3B54CD6D578F}.Release|x86.ActiveCfg = Release|Win32
		{669262C9-E6D1-4CC1-8634-3B54CD6D578F}.Release|x86.Build.0 = Release|Win32
		{4759C923-BB24-45FE-BEB8-E20B898108E2}.Debug|x64.ActiveCfg = Debug|x64
		{4759C923-BB24-45FE-BEB8-E20B898108E2}.Debug|x64.Build.0 = Debug|x64
		{4759C923-BB24-45FE-BEB8-E20B898108E2}.Debug|x86.ActiveCfg = Debug|Win32
		{4759C923-BB24-45FE-BEB8-E20B898108E2}.Debug|x86.Build.0 = Debug|Win32
		{4759C923-BB24-45FE-BEB8-E20B898108E2}.Release|x64.ActiveCfg = Release|x64
		{4759C923-BB24-45FE-BEB8-E20B898108E2}.Release|x64.Build.0 = Release|x64
		{4759C923-BB24-45FE-BEB8-E20B898108E2}.Release|x86.ActiveCfg = Release|Win32
		{4759C923-BB24-45FE-BEB8-E20B898108E2}.Release|x86.Build.0 = Release|Win32
		{8C16F8E9-3BF5-423F-AF71-DA890F1B6943}.Debug|x64.ActiveCfg = Debug|x64
		{8C16F8E9-3BF5-423F-AF71-DA890F1B6943}.Debug|x64.Build.0 = Debug|x64
		{8C16F8E9-3BF5-423F-AF71-DA890F1B6943}.Debug|x86.ActiveCfg = Debug|Win32
		{8C16F8E9-3BF5-423F-AF71-DA890F1B6943}.Debug|x86.Build.0 = Debug|Win32
		{8C16F8E9-3BF5-423F-AF71-DA890F1B6943}.Release|x64.ActiveCfg = Release|x64
		{8C16F8E9-3BF5-423F-AF71-DA890F1B6943}.Release|x64.Build.0 = Release|x64
		{8C16F8E9-3BF5-423F-AF71-DA890F1B6943}.Release|x86.ActiveCfg = Release|Win32
		{8C16F8E9-3BF5-423F-AF71-DA890F1B6943}.Release|x86.Build.0 = Release|Win32
		{A6363B92-ED30-438F-BC6E-217149313C6F}.Debug|x64.ActiveCfg = Debug|x64
		{A6363B92-ED30-438F-BC6E-217149313C6F}.Debug|x64.Build.0 = Debug|x64
		{A6363B92-ED30-438F-BC6E-217149313C6F}.Debug|x86.ActiveCfg = Debug|Win32
		{A6363B92-ED30-438F-BC6E-217149313C6F}.Debug|x86.Build.0 = Debug|Win32
		{A6363B92-ED30-438F-BC6E-217149313C6F}.Release|x64.ActiveCfg = Release|x64
		{A6363B92-ED30-438F-BC6E-217149313C6F}.Release|x64.Build.0 = Release|x64
		{A6363B92-ED30-438F-BC6E-217149313C6F}.Release|x86.ActiveCfg = Release|Win32
		{A6363B92-ED30-438F-BC6E-217149313C6F}.Release|x86.Build.0 = Release|Win32
		{91E2EC90-0C2E-4635-924A-53099F6ADE0B}.Debug|x64.ActiveCfg = Debug|x64
		{91E2EC90-0C2E-4635-924A-53099F6ADE0B}.Debug|x64.Build.0 = Debug|x64
		{91E2EC90-0C2E-4635-924A-53099F6ADE0B}.Debug|x86.ActiveCfg = Debug|Win32
		{91E2EC90-0C2E-4635-924A-53099F6ADE0B}.Debug|x86.Build.0 = Debug|Win32
		{91E2EC90-0C2E-4635-924A-53099F6ADE0B}.Release|x64.ActiveCfg = Release|x64
		{91E2EC90-0C2E-4635-924A-53099F6ADE0B}.Release|x64.Build.0 = Release|x64
		{91E2EC90-0C2E-4635-924A-53099F6ADE0B}.Release|x86.ActiveCfg = Release|Win32
		{91E2EC90-0C2E-4635-924A-53099F6ADE0B}.Release|x86.Build.0 = Release|Win32
		{E7078D0A-9497-47D8-ACF0-3B19D40A6F23}.Debug|x64.ActiveCfg = Debug|x64
		{E7078D0A-9497-47D8-ACF0-3B19D40A6F23}.Debug|x64.Build.0 = Debug|x64
		{E7078D0A-9497-47D8-ACF0-3B19D40A6F23}.Debug|x86.ActiveCfg = Debug|Win32
		{E7078D0A-9497-47D8-ACF0-3B19D40A6F23}.Debug|x86.Build.0 = Debug|Win32
		{E7078D0A-9497-47D8-ACF0-3B19D40A6F23}.Release|x64.ActiveCfg = Release|x64
		{E7078D0A-9497-47D8-ACF0-3B19D40A6F23}.Release|x64.Build.0 = Release|x64
		{E7078D0A-9497-47D8-ACF0-3B19D40A6F23}.Release|x86.ActiveCfg = Release|Win32
		{E7078D0A-9497-47D8-ACF0-3B19D40A6F23}.Release|x86.Build.0 = Release|Win32
		{89C9F3B9-401D-42BD-B954-6517D0536ED9}.Debug|x64.ActiveCfg = Debug|x64
		{89C9F3B9-401D-42BD-B954-6517D0536ED9}.Debug|x64.Build.0 = Debug|x64
		{89C9F3B9-401D-42BD-B954-6517D0536ED9}.Debug|x86.ActiveCfg = Debug|Win32
		{89C9F3B9-401D-42BD-B954-6517D0536ED9}.Debug|x86.Build.0 = Debug|Win32
		{89C9F3B9-401D-42BD-B954-6517D0536ED9}.Release|x64.ActiveCfg = Release|x64
		{89C9F3B9-401D-42BD-B954-6517D0536ED9}.Release|x64.Build.0 = Release|x64
		{89C9F3B9-401D-42BD-B954-6517D0536ED9}.Release|x86.ActiveCfg = Release|Win32
		{89C9F3B9-401D-42BD-B954-6517D0536ED9}.Release|x86.Build.0 = Release|Win32
		{F0629E9A-5279-4CD8-A944-2B4700651D7F}.Debug|x64.ActiveCfg = Debug|x64
		{F0629E9A-5279-4CD8-A944-2B4700651D7F}.Debug|x64.Build.0 = Debug|x64
		{F0629E9A-5279-4CD8-A944-2B4700651D7F}.Debug|x86.ActiveCfg = Debug|Win32
		{F0629E9A-5279-4CD8-A944-2B4700651D7F}.Debug|x86.Build.0 = Debug|Win32
		{F0629E9A-5279-4CD8-A944-2B4700651D7F}.Release|x64.ActiveCfg = Release|x64
		{F0629E9A-5279-4CD8-A944-2B4700651D7F}.Release|x64.Build.0 = Release|x64
		{F0629E9A-5279-4CD8-A944-2B4700651D7F}.Release|x86.ActiveCfg = Release|Win32
		{F0629E9A-5279-4CD8-A944-2B4700651D7F}.Release|x86.Build.0 = Release|Win32
		{21C79256-463C-429A-A567-1FD1E66C8E49}.Debug|x64.ActiveCfg = Debug|x64
		{21C79256-463C-429A-A567-1FD1E66C8E49}.Debug|x64.Build.0 = Debug|x64
		{21C79256-463C-429A-A567-1FD1E66C8E49}.Debug|x86.ActiveCfg = Debug|Win32
		{21C79256-463C-429A-A567-1FD1E66C8E49}.Debug|x86.Build.0 = Debug|Win32
		{21C79256-463C-429A-A567-1FD1E66C8E49}.Release|x64.ActiveCfg = Release|x64
		{21C79256-463C-429A-A567-1FD1E66C8E49}.Release|x64.Build.0 = Release|x64
		{21C79256-463C-429A-A567-1FD1E66C8E49}.Release|x86.ActiveCfg = Release|Win32
		{21C79256-463C-429A-A567-1FD1E66C8E49}.Release|x86.Build.0 = Release|Win32
		{3A37247D-765D-4410-8DAF-C02118217D84}.Debug|x64.ActiveCfg = Debug|x64
		{3A37247D-765D-4410-8DAF-C02118217D84}.Debug|x64.Build.0 = Debug|x64
		{3A37247D-765D-4410-8DAF-C02118217D84}.Debug|x86.ActiveCfg = Debug|Win32
		{3A37247D-765D-4410-8DAF-C02118217D84}.Debug|x86.Build.0 = Debug|Win32
		{3A37247D-765D-4410-8DAF-C02118217D84}.Release|x64.ActiveCfg = Release|x64
		{3A37247D-765D-4410-8DAF-C02118217D84}.Release|x64.Build.0 = Release|x64
		{3A37247D-765D-4410-8DAF-C02118217D84}.Release|x86.ActiveCfg = Release|Win32
		{3A37247D-765D-4410-8DAF-C02118217D84}.Release|x86.Build.0 = Release|Win32
		{3CB8866A-7168-4FAF-990B-068436A0F204}.Debug|x64.ActiveCfg = Debug|x64
		{3CB8866A-7168-4FAF-990B-068436A0F204}.Debug|x64.Build.0 = Debug|x64
		{3CB8866A-7168-4FAF-990B-068436A0F204}.Debug|x86.ActiveCfg = Debug|Win32
		{3CB8866A-7168-4FAF-990B-068436A0F204}.Debug|x86.Build.0 = Debug|Win32
		{3CB8866A-7168-4FAF-990B-068436A0F204}.Release|x64.ActiveCfg = Release|x64
		{3CB8866A-7168-4FAF-990B-068436A0F204}.Release|x64.Build.0 = Release|x64
		{3CB8866A-7168-4FAF-990B-068436A0F204}.Release|x86.ActiveCfg = Release|Win32
		{3CB8866A-7168-4FAF-990B-068436A0F204}.Release|x86.Build.0 = Release|Win32
		{AEF4728A-EF15-424D-A2FF-C2BFBD5B9D0B}.Debug|x64.ActiveCfg = Debug|x64
		{AEF4728A-EF15-424D-A2FF-C2BFBD5B9D0B}.Debug|x64.Build.0 = Debug|x64
		{AEF4728A-EF15-424D-A2FF-C2BFBD5B9D0B}.Debug|x86.ActiveCfg = Debug|Win32
		{AEF4728A-EF15-424D-A2FF-C2BFBD5B9D0B}.Debug|x86.Build.0 = Debug|Win32
		{AEF4728A-EF15-424D-A2FF-C2BFBD5B9D0B}.Release|x64.ActiveCfg = Release|x64
		{AEF4728A-EF15-424D-A2FF-C2BFBD5B9D0B}.Release|x64.Build.0 = Release|x64
		{AEF4728A-EF15-424D-A2FF-C2BFBD5B9D0B}.Release|x86.ActiveCfg = Release|Win32
		{AEF4728A-EF15-424D-A2FF-C2BFBD5B9D0B}.Release|x86.Build.0 = Release|Win32
		{73FC43E2-9F31-4CB3-99D9-CF9F864F7D43}.Debug|x64.ActiveCfg = Debug|x64
		{73FC43E2-9F31-4CB3-99D9-CF9F864F7D43}.Debug|x64.Build.0 = Debug|x64
		{73FC43E2-9F31-4CB3-99D9-CF9F864F7D43}.Debug|x86.ActiveCfg = Debug|Win32
		{73FC43E2-9F31-4CB3-99D9-CF9F864F7D43}.Debug|x86.Build.0 = Debug|Win32
		{73FC43E2-9F31-4CB3-99D9-CF9F864F7D43}.Release|x64.ActiveCfg = Release|x64
		{73FC43E2-9F31-4CB3-99D9-CF9F864F7D43}.Release|x64.Build.0 = Release|x64
		{73FC43E2-9F31-4CB3-99D9-CF9F864F7D43}.Release|x86.ActiveCfg = Release|Win32
		{73FC43E2-9F31-4CB3-99D9-CF9F864F7D43}.Release|x86.Build.0 = Release|Win32
		{17BB2C9D-B538-4AA0-A151-C2FD492C0F09}.Debug|x64.ActiveCfg = Debug|x64
		{17BB2C9D-B538-4AA0-A151-C2FD492C0F09}.Debug|x64.Build.0 = Debug|x64
		{17BB2C9D-B538-4AA0-A151-C2FD492C0F09}.Debug|x86.ActiveCfg = Debug|Win32
		{17BB2C9D-B538-4AA0-A151-C2FD492C0F09}.Debug|x86.Build.0 = Debug|Win32
		{17BB2C9D-B538-4AA0-A151-C2FD492C0F09}.Release|x64.ActiveCfg = Release|x64
		{17BB2C9D-B538-4AA0-A151-C2FD492C0F09}.Release|x64.Build.0 = Release|x64
		{17BB2C9D-B538-4AA0-A151-C2FD492C0F09}.Release|x86.ActiveCfg = Release|Win32
		{17BB2C9D-B538-4AA0-A151-C2FD492C0F09}.Release|x86.Build.0 = Release|Win32
		{2948B100-957B-44F6-926F-29FB4A7B7F54}.Debug|x64.ActiveCfg = Debug|x64
		{2948B100-957B-44F6-926F-29FB4A7B7F54}.Debug|x64.Build.0 = Debug|x64
		{2948B100-957B-44F6-926F-29FB4A7B7F54}.Debug|x86.ActiveCfg = Debug|Win32
		{2948B100-957B-44F6-926F-29FB4A7B7F54}.Debug|x86.Build.0 = Debug|Win32
		{2948B100-957B-44F6-926F-29FB4A7B7F54}.Release|x64.ActiveCfg = Release|x64
		{2948B100-957B-44F6-926F-29FB4A7B7F54}.Release|x64.Build.0 = Release|x64
		{2948B100-957B-44F6-926F-29FB4A7B7F54}.Release|x86.ActiveCfg = Release|Win32
		{2948B100-957B-44F6-926F-29FB4A7B7F54}.Release|x86.Build.0 = Release|Win32
		{A3022F14-C95E-44A6-BB30-9952B40A1A88}.Debug|x64.ActiveCfg = Debug|x64
		{A3022F14-C95E-44A6-BB30-9952B40A1A88}.Debug|x64.Build.0 = Debug|x64
		{A3022F14-C95E-44A6-BB30-9952B40A1A88}.Debug|x86.ActiveCfg = Debug|Win32
		{A3022F14-C95E-44A6-BB30-9952B40A1A88}.Debug|x86.Build.0 = Debug|Win32
		{A3022F14-C95E-44A6-BB30-9952B40A1A88}.Release|x64.ActiveCfg = Release|x64
		{A3022F14-C95E-44A6-BB30-9952B40A1A88}.Release|x64.Build.0 = Release|x64
		{A3022F14-C95E-44A6-BB30-9952B40A1A88}.Release|x86.ActiveCfg = Release|Win32
		{A3022F14-C95E-44A6-BB30-9952B40A1A88}.Release|x86.Build.0 = Release|Win32
		{37E28520-0281-4C7F-BCE0-51293B9D6D4D}.Debug|x64.ActiveCfg = Debug|x64
		{37E28520-0281-4C7F-BCE0-51293B9D6D4D}.Debug|x64.Build.0 = Debug|x64
		{37E28520-0281-4C7F-BCE0-51293B9D6D4D}.Debug|x86.ActiveCfg = Debug|Win32
		{37E28520-0281-4C7F-BCE0-51293B9D6D4D}.Debug|x86.Build.0 = Debug|Win32
		{37E28520-0281-4C7F-BCE0-51293B9D6D4D}.Release|x64.ActiveCfg = Release|x64
		{37E28520-0281-4C7F-BCE0-51293B9D6D4D}.Release|x64.Build.0 = Release|x64
		{37E28520-0281-4C7F-BCE0-51293B9D6D4D}.Release|x86.ActiveCfg = Release|Win32
		{37E28520-0281-4C7F-BCE0-51293B9D6D4D}.Release|x86.Build.0 = Release|Win32
		{9ED36547-2AE3-46B4-A783-72DFD5527DA9}.Debug|x64.ActiveCfg = Debug|x64
		{9ED36547-2AE3-46B4-A783-72DFD5527DA9}.Debug|x64.Build.0 = Debug|x64
		{9ED36547-2AE3-46B4-A783-72DFD5527DA9}.Debug|x86.ActiveCfg = Debug|Win32
		{9ED36547-2AE3-46B4-A783-72DFD5527DA9}.Debug|x86.Build.0 = Debug|Win32
		{9ED36547-2AE3-46B4-A783-72DFD5527DA9}.Release|x64.ActiveCfg = Release|x64
		{9ED36547-2AE3-46B4-A783-72DFD5527DA9}.Release|x64.Build.0 = Release|x64
		{9ED36547-2AE3-46B4-A783-72DFD5527DA9}.Release|x86.ActiveCfg = Release|Win32
		{9ED36547-2AE3-46B4-A783-72DFD5527DA9}.Release|x86.Build.0 = Release|Win32
	EndGlobalSection
	GlobalSection(SolutionProperties) = preSolution
		HideSolutionNode = FALSE
	EndGlobalSection
	GlobalSection(ExtensibilityGlobals) = postSolution
		SolutionGuid = {D91EE2D4-7B48-4352-809B-9268B9054696}
	EndGlobalSection
EndGlobal
